// !$*UTF8*$!
{
	archiveVersion = 1;
	classes = {
	};
	objectVersion = 50;
	objects = {

/* Begin PBXBuildFile section */
		A589F856211BA71000471C23 /* MSLabelController.swift in Sources */ = {isa = PBXBuildFile; fileRef = A589F855211BA71000471C23 /* MSLabelController.swift */; };
		A591A3F420F429EB001ED23B /* Demos.swift in Sources */ = {isa = PBXBuildFile; fileRef = A591A3F320F429EB001ED23B /* Demos.swift */; };
		A5CEC21020E436F10016922A /* AppDelegate.swift in Sources */ = {isa = PBXBuildFile; fileRef = A5CEC20F20E436F10016922A /* AppDelegate.swift */; };
		A5CEC21220E436F10016922A /* MasterViewController.swift in Sources */ = {isa = PBXBuildFile; fileRef = A5CEC21120E436F10016922A /* MasterViewController.swift */; };
		A5CEC21420E436F10016922A /* DetailViewController.swift in Sources */ = {isa = PBXBuildFile; fileRef = A5CEC21320E436F10016922A /* DetailViewController.swift */; };
		A5CEC21720E436F10016922A /* Main.storyboard in Resources */ = {isa = PBXBuildFile; fileRef = A5CEC21520E436F10016922A /* Main.storyboard */; };
		A5CEC21920E436F20016922A /* Assets.xcassets in Resources */ = {isa = PBXBuildFile; fileRef = A5CEC21820E436F20016922A /* Assets.xcassets */; };
		A5CEC21C20E436F20016922A /* LaunchScreen.storyboard in Resources */ = {isa = PBXBuildFile; fileRef = A5CEC21A20E436F20016922A /* LaunchScreen.storyboard */; };
		A5CEC22C20E450340016922A /* OfficeUIFabric.framework in Frameworks */ = {isa = PBXBuildFile; fileRef = A5CEC22A20E44FBF0016922A /* OfficeUIFabric.framework */; };
		A5CEC22D20E450340016922A /* OfficeUIFabric.framework in Embed Frameworks */ = {isa = PBXBuildFile; fileRef = A5CEC22A20E44FBF0016922A /* OfficeUIFabric.framework */; settings = {ATTRIBUTES = (CodeSignOnCopy, RemoveHeadersOnCopy, ); }; };
		A5CEC23420E452FA0016922A /* MSButtonController.swift in Sources */ = {isa = PBXBuildFile; fileRef = A5CEC23320E452FA0016922A /* MSButtonController.swift */; };
/* End PBXBuildFile section */

/* Begin PBXCopyFilesBuildPhase section */
		A5CEC22E20E450340016922A /* Embed Frameworks */ = {
			isa = PBXCopyFilesBuildPhase;
			buildActionMask = 2147483647;
			dstPath = "";
			dstSubfolderSpec = 10;
			files = (
				A5CEC22D20E450340016922A /* OfficeUIFabric.framework in Embed Frameworks */,
			);
			name = "Embed Frameworks";
			runOnlyForDeploymentPostprocessing = 0;
		};
/* End PBXCopyFilesBuildPhase section */

/* Begin PBXFileReference section */
		A589F855211BA71000471C23 /* MSLabelController.swift */ = {isa = PBXFileReference; lastKnownFileType = sourcecode.swift; path = MSLabelController.swift; sourceTree = "<group>"; };
		A591A3F320F429EB001ED23B /* Demos.swift */ = {isa = PBXFileReference; lastKnownFileType = sourcecode.swift; path = Demos.swift; sourceTree = "<group>"; };
		A5CEC20C20E436F10016922A /* OfficeUIFabric.Demo.app */ = {isa = PBXFileReference; explicitFileType = wrapper.application; includeInIndex = 0; path = OfficeUIFabric.Demo.app; sourceTree = BUILT_PRODUCTS_DIR; };
		A5CEC20F20E436F10016922A /* AppDelegate.swift */ = {isa = PBXFileReference; lastKnownFileType = sourcecode.swift; path = AppDelegate.swift; sourceTree = "<group>"; };
		A5CEC21120E436F10016922A /* MasterViewController.swift */ = {isa = PBXFileReference; lastKnownFileType = sourcecode.swift; path = MasterViewController.swift; sourceTree = "<group>"; };
		A5CEC21320E436F10016922A /* DetailViewController.swift */ = {isa = PBXFileReference; lastKnownFileType = sourcecode.swift; path = DetailViewController.swift; sourceTree = "<group>"; };
		A5CEC21620E436F10016922A /* Base */ = {isa = PBXFileReference; lastKnownFileType = file.storyboard; name = Base; path = Base.lproj/Main.storyboard; sourceTree = "<group>"; };
		A5CEC21820E436F20016922A /* Assets.xcassets */ = {isa = PBXFileReference; lastKnownFileType = folder.assetcatalog; path = Assets.xcassets; sourceTree = "<group>"; };
		A5CEC21B20E436F20016922A /* Base */ = {isa = PBXFileReference; lastKnownFileType = file.storyboard; name = Base; path = Base.lproj/LaunchScreen.storyboard; sourceTree = "<group>"; };
		A5CEC21D20E436F20016922A /* Info.plist */ = {isa = PBXFileReference; lastKnownFileType = text.plist.xml; path = Info.plist; sourceTree = "<group>"; };
		A5CEC22A20E44FBF0016922A /* OfficeUIFabric.framework */ = {isa = PBXFileReference; explicitFileType = wrapper.framework; path = OfficeUIFabric.framework; sourceTree = BUILT_PRODUCTS_DIR; };
		A5CEC23320E452FA0016922A /* MSButtonController.swift */ = {isa = PBXFileReference; lastKnownFileType = sourcecode.swift; path = MSButtonController.swift; sourceTree = "<group>"; };
/* End PBXFileReference section */

/* Begin PBXFrameworksBuildPhase section */
		A5CEC20920E436F10016922A /* Frameworks */ = {
			isa = PBXFrameworksBuildPhase;
			buildActionMask = 2147483647;
			files = (
				A5CEC22C20E450340016922A /* OfficeUIFabric.framework in Frameworks */,
			);
			runOnlyForDeploymentPostprocessing = 0;
		};
/* End PBXFrameworksBuildPhase section */

/* Begin PBXGroup section */
		A591A3F520F42A9E001ED23B /* Shell */ = {
			isa = PBXGroup;
			children = (
				A5CEC21120E436F10016922A /* MasterViewController.swift */,
				A5CEC21320E436F10016922A /* DetailViewController.swift */,
			);
			name = Shell;
			sourceTree = "<group>";
		};
		A5CEC20320E436F10016922A = {
			isa = PBXGroup;
			children = (
				A5CEC20E20E436F10016922A /* OfficeUIFabric.Demo */,
				A5CEC20D20E436F10016922A /* Products */,
				A5CEC22920E44FBF0016922A /* Frameworks */,
			);
			sourceTree = "<group>";
		};
		A5CEC20D20E436F10016922A /* Products */ = {
			isa = PBXGroup;
			children = (
				A5CEC20C20E436F10016922A /* OfficeUIFabric.Demo.app */,
			);
			name = Products;
			sourceTree = "<group>";
		};
		A5CEC20E20E436F10016922A /* OfficeUIFabric.Demo */ = {
			isa = PBXGroup;
			children = (
				A5CEC23220E452B80016922A /* Demos */,
				A591A3F520F42A9E001ED23B /* Shell */,
				A5CEC20F20E436F10016922A /* AppDelegate.swift */,
				A591A3F320F429EB001ED23B /* Demos.swift */,
				A5CEC21A20E436F20016922A /* LaunchScreen.storyboard */,
				A5CEC21520E436F10016922A /* Main.storyboard */,
				A5CEC21820E436F20016922A /* Assets.xcassets */,
				A5CEC21D20E436F20016922A /* Info.plist */,
			);
			path = OfficeUIFabric.Demo;
			sourceTree = "<group>";
		};
		A5CEC22920E44FBF0016922A /* Frameworks */ = {
			isa = PBXGroup;
			children = (
				A5CEC22A20E44FBF0016922A /* OfficeUIFabric.framework */,
			);
			name = Frameworks;
			sourceTree = "<group>";
		};
		A5CEC23220E452B80016922A /* Demos */ = {
			isa = PBXGroup;
			children = (
				A5CEC23320E452FA0016922A /* MSButtonController.swift */,
				A589F855211BA71000471C23 /* MSLabelController.swift */,
			);
			path = Demos;
			sourceTree = "<group>";
		};
/* End PBXGroup section */

/* Begin PBXNativeTarget section */
		A5CEC20B20E436F10016922A /* OfficeUIFabric.Demo */ = {
			isa = PBXNativeTarget;
			buildConfigurationList = A5CEC22020E436F20016922A /* Build configuration list for PBXNativeTarget "OfficeUIFabric.Demo" */;
			buildPhases = (
				A5CEC20820E436F10016922A /* Sources */,
				A5CEC20920E436F10016922A /* Frameworks */,
				A5CEC20A20E436F10016922A /* Resources */,
				A5CEC22E20E450340016922A /* Embed Frameworks */,
			);
			buildRules = (
			);
			dependencies = (
			);
			name = OfficeUIFabric.Demo;
			productName = OfficeUIFabric.Demo;
			productReference = A5CEC20C20E436F10016922A /* OfficeUIFabric.Demo.app */;
			productType = "com.apple.product-type.application";
		};
/* End PBXNativeTarget section */

/* Begin PBXProject section */
		A5CEC20420E436F10016922A /* Project object */ = {
			isa = PBXProject;
			attributes = {
				LastSwiftUpdateCheck = 0940;
				LastUpgradeCheck = 0940;
				ORGANIZATIONNAME = "Microsoft Corporation";
				TargetAttributes = {
					A5CEC20B20E436F10016922A = {
						CreatedOnToolsVersion = 9.4.1;
					};
				};
			};
			buildConfigurationList = A5CEC20720E436F10016922A /* Build configuration list for PBXProject "OfficeUIFabric.Demo" */;
			compatibilityVersion = "Xcode 9.3";
			developmentRegion = en;
			hasScannedForEncodings = 0;
			knownRegions = (
				en,
				Base,
			);
			mainGroup = A5CEC20320E436F10016922A;
			productRefGroup = A5CEC20D20E436F10016922A /* Products */;
			projectDirPath = "";
			projectRoot = "";
			targets = (
				A5CEC20B20E436F10016922A /* OfficeUIFabric.Demo */,
			);
		};
/* End PBXProject section */

/* Begin PBXResourcesBuildPhase section */
		A5CEC20A20E436F10016922A /* Resources */ = {
			isa = PBXResourcesBuildPhase;
			buildActionMask = 2147483647;
			files = (
				A5CEC21C20E436F20016922A /* LaunchScreen.storyboard in Resources */,
				A5CEC21920E436F20016922A /* Assets.xcassets in Resources */,
				A5CEC21720E436F10016922A /* Main.storyboard in Resources */,
			);
			runOnlyForDeploymentPostprocessing = 0;
		};
/* End PBXResourcesBuildPhase section */

/* Begin PBXSourcesBuildPhase section */
		A5CEC20820E436F10016922A /* Sources */ = {
			isa = PBXSourcesBuildPhase;
			buildActionMask = 2147483647;
			files = (
				A5CEC21420E436F10016922A /* DetailViewController.swift in Sources */,
				A5CEC21220E436F10016922A /* MasterViewController.swift in Sources */,
				A589F856211BA71000471C23 /* MSLabelController.swift in Sources */,
				A5CEC21020E436F10016922A /* AppDelegate.swift in Sources */,
				A591A3F420F429EB001ED23B /* Demos.swift in Sources */,
				A5CEC23420E452FA0016922A /* MSButtonController.swift in Sources */,
			);
			runOnlyForDeploymentPostprocessing = 0;
		};
/* End PBXSourcesBuildPhase section */

/* Begin PBXVariantGroup section */
		A5CEC21520E436F10016922A /* Main.storyboard */ = {
			isa = PBXVariantGroup;
			children = (
				A5CEC21620E436F10016922A /* Base */,
			);
			name = Main.storyboard;
			sourceTree = "<group>";
		};
		A5CEC21A20E436F20016922A /* LaunchScreen.storyboard */ = {
			isa = PBXVariantGroup;
			children = (
				A5CEC21B20E436F20016922A /* Base */,
			);
			name = LaunchScreen.storyboard;
			sourceTree = "<group>";
		};
/* End PBXVariantGroup section */

/* Begin XCBuildConfiguration section */
		A5CEC21E20E436F20016922A /* Debug */ = {
			isa = XCBuildConfiguration;
			buildSettings = {
				ALWAYS_SEARCH_USER_PATHS = NO;
				CLANG_ANALYZER_NONNULL = YES;
				CLANG_ANALYZER_NUMBER_OBJECT_CONVERSION = YES_AGGRESSIVE;
				CLANG_CXX_LANGUAGE_STANDARD = "gnu++14";
				CLANG_CXX_LIBRARY = "libc++";
				CLANG_ENABLE_MODULES = YES;
				CLANG_ENABLE_OBJC_ARC = YES;
				CLANG_ENABLE_OBJC_WEAK = YES;
				CLANG_WARN_BLOCK_CAPTURE_AUTORELEASING = YES;
				CLANG_WARN_BOOL_CONVERSION = YES;
				CLANG_WARN_COMMA = YES;
				CLANG_WARN_CONSTANT_CONVERSION = YES;
				CLANG_WARN_DEPRECATED_OBJC_IMPLEMENTATIONS = YES;
				CLANG_WARN_DIRECT_OBJC_ISA_USAGE = YES_ERROR;
				CLANG_WARN_DOCUMENTATION_COMMENTS = YES;
				CLANG_WARN_EMPTY_BODY = YES;
				CLANG_WARN_ENUM_CONVERSION = YES;
				CLANG_WARN_INFINITE_RECURSION = YES;
				CLANG_WARN_INT_CONVERSION = YES;
				CLANG_WARN_NON_LITERAL_NULL_CONVERSION = YES;
				CLANG_WARN_OBJC_IMPLICIT_RETAIN_SELF = YES;
				CLANG_WARN_OBJC_LITERAL_CONVERSION = YES;
				CLANG_WARN_OBJC_ROOT_CLASS = YES_ERROR;
				CLANG_WARN_RANGE_LOOP_ANALYSIS = YES;
				CLANG_WARN_STRICT_PROTOTYPES = YES;
				CLANG_WARN_SUSPICIOUS_MOVE = YES;
				CLANG_WARN_UNGUARDED_AVAILABILITY = YES_AGGRESSIVE;
				CLANG_WARN_UNREACHABLE_CODE = YES;
				CLANG_WARN__DUPLICATE_METHOD_MATCH = YES;
				CODE_SIGN_IDENTITY = "iPhone Developer";
				COPY_PHASE_STRIP = NO;
				DEBUG_INFORMATION_FORMAT = dwarf;
				ENABLE_STRICT_OBJC_MSGSEND = YES;
				ENABLE_TESTABILITY = YES;
				GCC_C_LANGUAGE_STANDARD = gnu11;
				GCC_DYNAMIC_NO_PIC = NO;
				GCC_NO_COMMON_BLOCKS = YES;
				GCC_OPTIMIZATION_LEVEL = 0;
				GCC_PREPROCESSOR_DEFINITIONS = (
					"DEBUG=1",
					"$(inherited)",
				);
				GCC_WARN_64_TO_32_BIT_CONVERSION = YES;
				GCC_WARN_ABOUT_RETURN_TYPE = YES_ERROR;
				GCC_WARN_UNDECLARED_SELECTOR = YES;
				GCC_WARN_UNINITIALIZED_AUTOS = YES_AGGRESSIVE;
				GCC_WARN_UNUSED_FUNCTION = YES;
				GCC_WARN_UNUSED_VARIABLE = YES;
				IPHONEOS_DEPLOYMENT_TARGET = 10.0;
				MTL_ENABLE_DEBUG_INFO = YES;
				ONLY_ACTIVE_ARCH = YES;
				SDKROOT = iphoneos;
				SWIFT_ACTIVE_COMPILATION_CONDITIONS = DEBUG;
				SWIFT_OPTIMIZATION_LEVEL = "-Onone";
			};
			name = Debug;
		};
		A5CEC21F20E436F20016922A /* Release */ = {
			isa = XCBuildConfiguration;
			buildSettings = {
				ALWAYS_SEARCH_USER_PATHS = NO;
				CLANG_ANALYZER_NONNULL = YES;
				CLANG_ANALYZER_NUMBER_OBJECT_CONVERSION = YES_AGGRESSIVE;
				CLANG_CXX_LANGUAGE_STANDARD = "gnu++14";
				CLANG_CXX_LIBRARY = "libc++";
				CLANG_ENABLE_MODULES = YES;
				CLANG_ENABLE_OBJC_ARC = YES;
				CLANG_ENABLE_OBJC_WEAK = YES;
				CLANG_WARN_BLOCK_CAPTURE_AUTORELEASING = YES;
				CLANG_WARN_BOOL_CONVERSION = YES;
				CLANG_WARN_COMMA = YES;
				CLANG_WARN_CONSTANT_CONVERSION = YES;
				CLANG_WARN_DEPRECATED_OBJC_IMPLEMENTATIONS = YES;
				CLANG_WARN_DIRECT_OBJC_ISA_USAGE = YES_ERROR;
				CLANG_WARN_DOCUMENTATION_COMMENTS = YES;
				CLANG_WARN_EMPTY_BODY = YES;
				CLANG_WARN_ENUM_CONVERSION = YES;
				CLANG_WARN_INFINITE_RECURSION = YES;
				CLANG_WARN_INT_CONVERSION = YES;
				CLANG_WARN_NON_LITERAL_NULL_CONVERSION = YES;
				CLANG_WARN_OBJC_IMPLICIT_RETAIN_SELF = YES;
				CLANG_WARN_OBJC_LITERAL_CONVERSION = YES;
				CLANG_WARN_OBJC_ROOT_CLASS = YES_ERROR;
				CLANG_WARN_RANGE_LOOP_ANALYSIS = YES;
				CLANG_WARN_STRICT_PROTOTYPES = YES;
				CLANG_WARN_SUSPICIOUS_MOVE = YES;
				CLANG_WARN_UNGUARDED_AVAILABILITY = YES_AGGRESSIVE;
				CLANG_WARN_UNREACHABLE_CODE = YES;
				CLANG_WARN__DUPLICATE_METHOD_MATCH = YES;
				CODE_SIGN_IDENTITY = "iPhone Developer";
				COPY_PHASE_STRIP = NO;
				DEBUG_INFORMATION_FORMAT = "dwarf-with-dsym";
				ENABLE_NS_ASSERTIONS = NO;
				ENABLE_STRICT_OBJC_MSGSEND = YES;
				GCC_C_LANGUAGE_STANDARD = gnu11;
				GCC_NO_COMMON_BLOCKS = YES;
				GCC_WARN_64_TO_32_BIT_CONVERSION = YES;
				GCC_WARN_ABOUT_RETURN_TYPE = YES_ERROR;
				GCC_WARN_UNDECLARED_SELECTOR = YES;
				GCC_WARN_UNINITIALIZED_AUTOS = YES_AGGRESSIVE;
				GCC_WARN_UNUSED_FUNCTION = YES;
				GCC_WARN_UNUSED_VARIABLE = YES;
				IPHONEOS_DEPLOYMENT_TARGET = 10.0;
				MTL_ENABLE_DEBUG_INFO = NO;
				SDKROOT = iphoneos;
				SWIFT_COMPILATION_MODE = wholemodule;
				SWIFT_OPTIMIZATION_LEVEL = "-O";
				VALIDATE_PRODUCT = YES;
			};
			name = Release;
		};
		A5CEC22120E436F20016922A /* Debug */ = {
			isa = XCBuildConfiguration;
			buildSettings = {
				ASSETCATALOG_COMPILER_APPICON_NAME = AppIcon;
				CODE_SIGN_STYLE = Automatic;
				DEVELOPMENT_TEAM = UBF8T346G9;
				INFOPLIST_FILE = OfficeUIFabric.Demo/Info.plist;
				LD_RUNPATH_SEARCH_PATHS = (
					"$(inherited)",
					"@executable_path/Frameworks",
				);
				PRODUCT_BUNDLE_IDENTIFIER = "com.microsoft.OfficeUIFabric-Demo";
				PRODUCT_NAME = "$(TARGET_NAME)";
				SWIFT_VERSION = 4.0;
				TARGETED_DEVICE_FAMILY = "1,2";
			};
			name = Debug;
		};
		A5CEC22220E436F20016922A /* Release */ = {
			isa = XCBuildConfiguration;
			buildSettings = {
				ASSETCATALOG_COMPILER_APPICON_NAME = AppIcon;
				CODE_SIGN_STYLE = Automatic;
				DEVELOPMENT_TEAM = UBF8T346G9;
				INFOPLIST_FILE = OfficeUIFabric.Demo/Info.plist;
				LD_RUNPATH_SEARCH_PATHS = (
					"$(inherited)",
					"@executable_path/Frameworks",
				);
				PRODUCT_BUNDLE_IDENTIFIER = "com.microsoft.OfficeUIFabric-Demo";
				PRODUCT_NAME = "$(TARGET_NAME)";
				SWIFT_VERSION = 4.0;
				TARGETED_DEVICE_FAMILY = "1,2";
			};
			name = Release;
		};
/* End XCBuildConfiguration section */

/* Begin XCConfigurationList section */
		A5CEC20720E436F10016922A /* Build configuration list for PBXProject "OfficeUIFabric.Demo" */ = {
			isa = XCConfigurationList;
			buildConfigurations = (
				A5CEC21E20E436F20016922A /* Debug */,
				A5CEC21F20E436F20016922A /* Release */,
			);
			defaultConfigurationIsVisible = 0;
			defaultConfigurationName = Release;
		};
		A5CEC22020E436F20016922A /* Build configuration list for PBXNativeTarget "OfficeUIFabric.Demo" */ = {
			isa = XCConfigurationList;
			buildConfigurations = (
				A5CEC22120E436F20016922A /* Debug */,
				A5CEC22220E436F20016922A /* Release */,
			);
			defaultConfigurationIsVisible = 0;
			defaultConfigurationName = Release;
		};
/* End XCConfigurationList section */
	};
	rootObject = A5CEC20420E436F10016922A /* Project object */;
}
